// !$*UTF8*$!
{
	archiveVersion = 1;
	classes = {
	};
	objectVersion = 46;
	objects = {

/* Begin PBXBuildFile section */
		F96BBABD1A1FC1BE005EC9A4 /* AppDelegate.swift in Sources */ = {isa = PBXBuildFile; fileRef = F96BBABC1A1FC1BE005EC9A4 /* AppDelegate.swift */; };
		F96BBABF1A1FC1BE005EC9A4 /* ViewController.swift in Sources */ = {isa = PBXBuildFile; fileRef = F96BBABE1A1FC1BE005EC9A4 /* ViewController.swift */; };
		F96BBAC21A1FC1BF005EC9A4 /* Main.storyboard in Resources */ = {isa = PBXBuildFile; fileRef = F96BBAC01A1FC1BF005EC9A4 /* Main.storyboard */; };
		F96BBAC41A1FC1BF005EC9A4 /* Images.xcassets in Resources */ = {isa = PBXBuildFile; fileRef = F96BBAC31A1FC1BF005EC9A4 /* Images.xcassets */; };
		F96BBAC71A1FC1BF005EC9A4 /* LaunchScreen.xib in Resources */ = {isa = PBXBuildFile; fileRef = F96BBAC51A1FC1BF005EC9A4 /* LaunchScreen.xib */; };
		F96BBAD31A1FC1BF005EC9A4 /* Learning_PhoneticsTests.swift in Sources */ = {isa = PBXBuildFile; fileRef = F96BBAD21A1FC1BF005EC9A4 /* Learning_PhoneticsTests.swift */; };
		F96BBADD1A23E083005EC9A4 /* PlaySoundsViewController.swift in Sources */ = {isa = PBXBuildFile; fileRef = F96BBADC1A23E083005EC9A4 /* PlaySoundsViewController.swift */; };
		F96BBADF1A23FF31005EC9A4 /* movie_quote.mp3 in Resources */ = {isa = PBXBuildFile; fileRef = F96BBADE1A23FF31005EC9A4 /* movie_quote.mp3 */; };
/* End PBXBuildFile section */

/* Begin PBXContainerItemProxy section */
		F96BBACD1A1FC1BF005EC9A4 /* PBXContainerItemProxy */ = {
			isa = PBXContainerItemProxy;
			containerPortal = F96BBAAF1A1FC1BA005EC9A4 /* Project object */;
			proxyType = 1;
			remoteGlobalIDString = F96BBAB61A1FC1BB005EC9A4;
			remoteInfo = "Learning Phonetics";
		};
/* End PBXContainerItemProxy section */

/* Begin PBXFileReference section */
		F96BBAB71A1FC1BD005EC9A4 /* Learning Phonetics.app */ = {isa = PBXFileReference; explicitFileType = wrapper.application; includeInIndex = 0; path = "Learning Phonetics.app"; sourceTree = BUILT_PRODUCTS_DIR; };
		F96BBABB1A1FC1BE005EC9A4 /* Info.plist */ = {isa = PBXFileReference; lastKnownFileType = text.plist.xml; path = Info.plist; sourceTree = "<group>"; };
		F96BBABC1A1FC1BE005EC9A4 /* AppDelegate.swift */ = {isa = PBXFileReference; lastKnownFileType = sourcecode.swift; path = AppDelegate.swift; sourceTree = "<group>"; };
		F96BBABE1A1FC1BE005EC9A4 /* ViewController.swift */ = {isa = PBXFileReference; lastKnownFileType = sourcecode.swift; path = ViewController.swift; sourceTree = "<group>"; };
		F96BBAC11A1FC1BF005EC9A4 /* Base */ = {isa = PBXFileReference; lastKnownFileType = file.storyboard; name = Base; path = Base.lproj/Main.storyboard; sourceTree = "<group>"; };
		F96BBAC31A1FC1BF005EC9A4 /* Images.xcassets */ = {isa = PBXFileReference; lastKnownFileType = folder.assetcatalog; path = Images.xcassets; sourceTree = "<group>"; };
		F96BBAC61A1FC1BF005EC9A4 /* Base */ = {isa = PBXFileReference; lastKnownFileType = file.xib; name = Base; path = Base.lproj/LaunchScreen.xib; sourceTree = "<group>"; };
		F96BBACC1A1FC1BF005EC9A4 /* Learning PhoneticsTests.xctest */ = {isa = PBXFileReference; explicitFileType = wrapper.cfbundle; includeInIndex = 0; path = "Learning PhoneticsTests.xctest"; sourceTree = BUILT_PRODUCTS_DIR; };
		F96BBAD11A1FC1BF005EC9A4 /* Info.plist */ = {isa = PBXFileReference; lastKnownFileType = text.plist.xml; path = Info.plist; sourceTree = "<group>"; };
		F96BBAD21A1FC1BF005EC9A4 /* Learning_PhoneticsTests.swift */ = {isa = PBXFileReference; lastKnownFileType = sourcecode.swift; path = Learning_PhoneticsTests.swift; sourceTree = "<group>"; };
		F96BBADC1A23E083005EC9A4 /* PlaySoundsViewController.swift */ = {isa = PBXFileReference; fileEncoding = 4; lastKnownFileType = sourcecode.swift; path = PlaySoundsViewController.swift; sourceTree = "<group>"; };
		F96BBADE1A23FF31005EC9A4 /* movie_quote.mp3 */ = {isa = PBXFileReference; lastKnownFileType = audio.mp3; path = movie_quote.mp3; sourceTree = "<group>"; };
/* End PBXFileReference section */

/* Begin PBXFrameworksBuildPhase section */
		F96BBAB41A1FC1BB005EC9A4 /* Frameworks */ = {
			isa = PBXFrameworksBuildPhase;
			buildActionMask = 2147483647;
			files = (
			);
			runOnlyForDeploymentPostprocessing = 0;
		};
		F96BBAC91A1FC1BF005EC9A4 /* Frameworks */ = {
			isa = PBXFrameworksBuildPhase;
			buildActionMask = 2147483647;
			files = (
			);
			runOnlyForDeploymentPostprocessing = 0;
		};
/* End PBXFrameworksBuildPhase section */

/* Begin PBXGroup section */
		F96BBAAE1A1FC1BA005EC9A4 = {
			isa = PBXGroup;
			children = (
				F96BBAB91A1FC1BD005EC9A4 /* Learning Phonetics */,
				F96BBACF1A1FC1BF005EC9A4 /* Learning PhoneticsTests */,
				F96BBAB81A1FC1BD005EC9A4 /* Products */,
			);
			sourceTree = "<group>";
		};
		F96BBAB81A1FC1BD005EC9A4 /* Products */ = {
			isa = PBXGroup;
			children = (
				F96BBAB71A1FC1BD005EC9A4 /* Learning Phonetics.app */,
				F96BBACC1A1FC1BF005EC9A4 /* Learning PhoneticsTests.xctest */,
			);
			name = Products;
			sourceTree = "<group>";
		};
		F96BBAB91A1FC1BD005EC9A4 /* Learning Phonetics */ = {
			isa = PBXGroup;
			children = (
				F96BBABC1A1FC1BE005EC9A4 /* AppDelegate.swift */,
				F96BBABE1A1FC1BE005EC9A4 /* ViewController.swift */,
				F96BBAC01A1FC1BF005EC9A4 /* Main.storyboard */,
				F96BBADC1A23E083005EC9A4 /* PlaySoundsViewController.swift */,
				F96BBAC31A1FC1BF005EC9A4 /* Images.xcassets */,
				F96BBAC51A1FC1BF005EC9A4 /* LaunchScreen.xib */,
				F96BBABA1A1FC1BD005EC9A4 /* Supporting Files */,
			);
			path = "Learning Phonetics";
			sourceTree = "<group>";
		};
		F96BBABA1A1FC1BD005EC9A4 /* Supporting Files */ = {
			isa = PBXGroup;
			children = (
				F96BBADE1A23FF31005EC9A4 /* movie_quote.mp3 */,
				F96BBABB1A1FC1BE005EC9A4 /* Info.plist */,
			);
			name = "Supporting Files";
			sourceTree = "<group>";
		};
		F96BBACF1A1FC1BF005EC9A4 /* Learning PhoneticsTests */ = {
			isa = PBXGroup;
			children = (
				F96BBAD21A1FC1BF005EC9A4 /* Learning_PhoneticsTests.swift */,
				F96BBAD01A1FC1BF005EC9A4 /* Supporting Files */,
			);
			path = "Learning PhoneticsTests";
			sourceTree = "<group>";
		};
		F96BBAD01A1FC1BF005EC9A4 /* Supporting Files */ = {
			isa = PBXGroup;
			children = (
				F96BBAD11A1FC1BF005EC9A4 /* Info.plist */,
			);
			name = "Supporting Files";
			sourceTree = "<group>";
		};
/* End PBXGroup section */

/* Begin PBXNativeTarget section */
		F96BBAB61A1FC1BB005EC9A4 /* Learning Phonetics */ = {
			isa = PBXNativeTarget;
			buildConfigurationList = F96BBAD61A1FC1BF005EC9A4 /* Build configuration list for PBXNativeTarget "Learning Phonetics" */;
			buildPhases = (
				F96BBAB31A1FC1BB005EC9A4 /* Sources */,
				F96BBAB41A1FC1BB005EC9A4 /* Frameworks */,
				F96BBAB51A1FC1BB005EC9A4 /* Resources */,
			);
			buildRules = (
			);
			dependencies = (
			);
			name = "Learning Phonetics";
			productName = "Learning Phonetics";
			productReference = F96BBAB71A1FC1BD005EC9A4 /* Learning Phonetics.app */;
			productType = "com.apple.product-type.application";
		};
		F96BBACB1A1FC1BF005EC9A4 /* Learning PhoneticsTests */ = {
			isa = PBXNativeTarget;
			buildConfigurationList = F96BBAD91A1FC1BF005EC9A4 /* Build configuration list for PBXNativeTarget "Learning PhoneticsTests" */;
			buildPhases = (
				F96BBAC81A1FC1BF005EC9A4 /* Sources */,
				F96BBAC91A1FC1BF005EC9A4 /* Frameworks */,
				F96BBACA1A1FC1BF005EC9A4 /* Resources */,
			);
			buildRules = (
			);
			dependencies = (
				F96BBACE1A1FC1BF005EC9A4 /* PBXTargetDependency */,
			);
			name = "Learning PhoneticsTests";
			productName = "Learning PhoneticsTests";
			productReference = F96BBACC1A1FC1BF005EC9A4 /* Learning PhoneticsTests.xctest */;
			productType = "com.apple.product-type.bundle.unit-test";
		};
/* End PBXNativeTarget section */

/* Begin PBXProject section */
		F96BBAAF1A1FC1BA005EC9A4 /* Project object */ = {
			isa = PBXProject;
			attributes = {
				LastUpgradeCheck = 0610;
				ORGANIZATIONNAME = sdbwebsolutions;
				TargetAttributes = {
					F96BBAB61A1FC1BB005EC9A4 = {
						CreatedOnToolsVersion = 6.1;
					};
					F96BBACB1A1FC1BF005EC9A4 = {
						CreatedOnToolsVersion = 6.1;
						TestTargetID = F96BBAB61A1FC1BB005EC9A4;
					};
				};
			};
			buildConfigurationList = F96BBAB21A1FC1BA005EC9A4 /* Build configuration list for PBXProject "Learning Phonetics" */;
			compatibilityVersion = "Xcode 3.2";
			developmentRegion = English;
			hasScannedForEncodings = 0;
			knownRegions = (
				en,
				Base,
			);
			mainGroup = F96BBAAE1A1FC1BA005EC9A4;
			productRefGroup = F96BBAB81A1FC1BD005EC9A4 /* Products */;
			projectDirPath = "";
			projectRoot = "";
			targets = (
				F96BBAB61A1FC1BB005EC9A4 /* Learning Phonetics */,
				F96BBACB1A1FC1BF005EC9A4 /* Learning PhoneticsTests */,
			);
		};
/* End PBXProject section */

/* Begin PBXResourcesBuildPhase section */
		F96BBAB51A1FC1BB005EC9A4 /* Resources */ = {
			isa = PBXResourcesBuildPhase;
			buildActionMask = 2147483647;
			files = (
				F96BBAC21A1FC1BF005EC9A4 /* Main.storyboard in Resources */,
				F96BBAC71A1FC1BF005EC9A4 /* LaunchScreen.xib in Resources */,
				F96BBADF1A23FF31005EC9A4 /* movie_quote.mp3 in Resources */,
				F96BBAC41A1FC1BF005EC9A4 /* Images.xcassets in Resources */,
			);
			runOnlyForDeploymentPostprocessing = 0;
		};
		F96BBACA1A1FC1BF005EC9A4 /* Resources */ = {
			isa = PBXResourcesBuildPhase;
			buildActionMask = 2147483647;
			files = (
			);
			runOnlyForDeploymentPostprocessing = 0;
		};
/* End PBXResourcesBuildPhase section */

/* Begin PBXSourcesBuildPhase section */
		F96BBAB31A1FC1BB005EC9A4 /* Sources */ = {
			isa = PBXSourcesBuildPhase;
			buildActionMask = 2147483647;
			files = (
				F96BBABF1A1FC1BE005EC9A4 /* ViewController.swift in Sources */,
				F96BBADD1A23E083005EC9A4 /* PlaySoundsViewController.swift in Sources */,
				F96BBABD1A1FC1BE005EC9A4 /* AppDelegate.swift in Sources */,
			);
			runOnlyForDeploymentPostprocessing = 0;
		};
		F96BBAC81A1FC1BF005EC9A4 /* Sources */ = {
			isa = PBXSourcesBuildPhase;
			buildActionMask = 2147483647;
			files = (
				F96BBAD31A1FC1BF005EC9A4 /* Learning_PhoneticsTests.swift in Sources */,
			);
			runOnlyForDeploymentPostprocessing = 0;
		};
/* End PBXSourcesBuildPhase section */

/* Begin PBXTargetDependency section */
		F96BBACE1A1FC1BF005EC9A4 /* PBXTargetDependency */ = {
			isa = PBXTargetDependency;
			target = F96BBAB61A1FC1BB005EC9A4 /* Learning Phonetics */;
			targetProxy = F96BBACD1A1FC1BF005EC9A4 /* PBXContainerItemProxy */;
		};
/* End PBXTargetDependency section */

/* Begin PBXVariantGroup section */
		F96BBAC01A1FC1BF005EC9A4 /* Main.storyboard */ = {
			isa = PBXVariantGroup;
			children = (
				F96BBAC11A1FC1BF005EC9A4 /* Base */,
			);
			name = Main.storyboard;
			sourceTree = "<group>";
		};
		F96BBAC51A1FC1BF005EC9A4 /* LaunchScreen.xib */ = {
			isa = PBXVariantGroup;
			children = (
				F96BBAC61A1FC1BF005EC9A4 /* Base */,
			);
			name = LaunchScreen.xib;
			sourceTree = "<group>";
		};
/* End PBXVariantGroup section */

/* Begin XCBuildConfiguration section */
		F96BBAD41A1FC1BF005EC9A4 /* Debug */ = {
			isa = XCBuildConfiguration;
			buildSettings = {
				ALWAYS_SEARCH_USER_PATHS = NO;
				CLANG_CXX_LANGUAGE_STANDARD = "gnu++0x";
				CLANG_CXX_LIBRARY = "libc++";
				CLANG_ENABLE_MODULES = YES;
				CLANG_ENABLE_OBJC_ARC = YES;
				CLANG_WARN_BOOL_CONVERSION = YES;
				CLANG_WARN_CONSTANT_CONVERSION = YES;
				CLANG_WARN_DIRECT_OBJC_ISA_USAGE = YES_ERROR;
				CLANG_WARN_EMPTY_BODY = YES;
				CLANG_WARN_ENUM_CONVERSION = YES;
				CLANG_WARN_INT_CONVERSION = YES;
				CLANG_WARN_OBJC_ROOT_CLASS = YES_ERROR;
				CLANG_WARN_UNREACHABLE_CODE = YES;
				CLANG_WARN__DUPLICATE_METHOD_MATCH = YES;
				"CODE_SIGN_IDENTITY[sdk=iphoneos*]" = "iPhone Developer";
				COPY_PHASE_STRIP = NO;
				ENABLE_STRICT_OBJC_MSGSEND = YES;
				GCC_C_LANGUAGE_STANDARD = gnu99;
				GCC_DYNAMIC_NO_PIC = NO;
				GCC_OPTIMIZATION_LEVEL = 0;
				GCC_PREPROCESSOR_DEFINITIONS = (
					"DEBUG=1",
					"$(inherited)",
				);
				GCC_SYMBOLS_PRIVATE_EXTERN = NO;
				GCC_WARN_64_TO_32_BIT_CONVERSION = YES;
				GCC_WARN_ABOUT_RETURN_TYPE = YES_ERROR;
				GCC_WARN_UNDECLARED_SELECTOR = YES;
				GCC_WARN_UNINITIALIZED_AUTOS = YES_AGGRESSIVE;
				GCC_WARN_UNUSED_FUNCTION = YES;
				GCC_WARN_UNUSED_VARIABLE = YES;
				IPHONEOS_DEPLOYMENT_TARGET = 8.1;
				MTL_ENABLE_DEBUG_INFO = YES;
				ONLY_ACTIVE_ARCH = YES;
				SDKROOT = iphoneos;
				SWIFT_OPTIMIZATION_LEVEL = "-Onone";
			};
			name = Debug;
		};
		F96BBAD51A1FC1BF005EC9A4 /* Release */ = {
			isa = XCBuildConfiguration;
			buildSettings = {
				ALWAYS_SEARCH_USER_PATHS = NO;
				CLANG_CXX_LANGUAGE_STANDARD = "gnu++0x";
				CLANG_CXX_LIBRARY = "libc++";
				CLANG_ENABLE_MODULES = YES;
				CLANG_ENABLE_OBJC_ARC = YES;
				CLANG_WARN_BOOL_CONVERSION = YES;
				CLANG_WARN_CONSTANT_CONVERSION = YES;
				CLANG_WARN_DIRECT_OBJC_ISA_USAGE = YES_ERROR;
				CLANG_WARN_EMPTY_BODY = YES;
				CLANG_WARN_ENUM_CONVERSION = YES;
				CLANG_WARN_INT_CONVERSION = YES;
				CLANG_WARN_OBJC_ROOT_CLASS = YES_ERROR;
				CLANG_WARN_UNREACHABLE_CODE = YES;
				CLANG_WARN__DUPLICATE_METHOD_MATCH = YES;
				"CODE_SIGN_IDENTITY[sdk=iphoneos*]" = "iPhone Developer";
				COPY_PHASE_STRIP = YES;
				ENABLE_NS_ASSERTIONS = NO;
				ENABLE_STRICT_OBJC_MSGSEND = YES;
				GCC_C_LANGUAGE_STANDARD = gnu99;
				GCC_WARN_64_TO_32_BIT_CONVERSION = YES;
				GCC_WARN_ABOUT_RETURN_TYPE = YES_ERROR;
				GCC_WARN_UNDECLARED_SELECTOR = YES;
				GCC_WARN_UNINITIALIZED_AUTOS = YES_AGGRESSIVE;
				GCC_WARN_UNUSED_FUNCTION = YES;
				GCC_WARN_UNUSED_VARIABLE = YES;
				IPHONEOS_DEPLOYMENT_TARGET = 8.1;
				MTL_ENABLE_DEBUG_INFO = NO;
				SDKROOT = iphoneos;
				VALIDATE_PRODUCT = YES;
			};
			name = Release;
		};
		F96BBAD71A1FC1BF005EC9A4 /* Debug */ = {
			isa = XCBuildConfiguration;
			buildSettings = {
				ASSETCATALOG_COMPILER_APPICON_NAME = AppIcon;
				INFOPLIST_FILE = "Learning Phonetics/Info.plist";
				LD_RUNPATH_SEARCH_PATHS = "$(inherited) @executable_path/Frameworks";
				PRODUCT_NAME = "$(TARGET_NAME)";
			};
			name = Debug;
		};
		F96BBAD81A1FC1BF005EC9A4 /* Release */ = {
			isa = XCBuildConfiguration;
			buildSettings = {
				ASSETCATALOG_COMPILER_APPICON_NAME = AppIcon;
				INFOPLIST_FILE = "Learning Phonetics/Info.plist";
				LD_RUNPATH_SEARCH_PATHS = "$(inherited) @executable_path/Frameworks";
				PRODUCT_NAME = "$(TARGET_NAME)";
			};
			name = Release;
		};
		F96BBADA1A1FC1BF005EC9A4 /* Debug */ = {
			isa = XCBuildConfiguration;
			buildSettings = {
				BUNDLE_LOADER = "$(TEST_HOST)";
				FRAMEWORK_SEARCH_PATHS = (
					"$(SDKROOT)/Developer/Library/Frameworks",
					"$(inherited)",
				);
				GCC_PREPROCESSOR_DEFINITIONS = (
					"DEBUG=1",
					"$(inherited)",
				);
				INFOPLIST_FILE = "Learning PhoneticsTests/Info.plist";
				LD_RUNPATH_SEARCH_PATHS = "$(inherited) @executable_path/Frameworks @loader_path/Frameworks";
				PRODUCT_NAME = "$(TARGET_NAME)";
				TEST_HOST = "$(BUILT_PRODUCTS_DIR)/Learning Phonetics.app/Learning Phonetics";
			};
			name = Debug;
		};
		F96BBADB1A1FC1BF005EC9A4 /* Release */ = {
			isa = XCBuildConfiguration;
			buildSettings = {
				BUNDLE_LOADER = "$(TEST_HOST)";
				FRAMEWORK_SEARCH_PATHS = (
					"$(SDKROOT)/Developer/Library/Frameworks",
					"$(inherited)",
				);
				INFOPLIST_FILE = "Learning PhoneticsTests/Info.plist";
				LD_RUNPATH_SEARCH_PATHS = "$(inherited) @executable_path/Frameworks @loader_path/Frameworks";
				PRODUCT_NAME = "$(TARGET_NAME)";
				TEST_HOST = "$(BUILT_PRODUCTS_DIR)/Learning Phonetics.app/Learning Phonetics";
			};
			name = Release;
		};
/* End XCBuildConfiguration section */

/* Begin XCConfigurationList section */
		F96BBAB21A1FC1BA005EC9A4 /* Build configuration list for PBXProject "Learning Phonetics" */ = {
			isa = XCConfigurationList;
			buildConfigurations = (
				F96BBAD41A1FC1BF005EC9A4 /* Debug */,
				F96BBAD51A1FC1BF005EC9A4 /* Release */,
			);
			defaultConfigurationIsVisible = 0;
			defaultConfigurationName = Release;
		};
		F96BBAD61A1FC1BF005EC9A4 /* Build configuration list for PBXNativeTarget "Learning Phonetics" */ = {
			isa = XCConfigurationList;
			buildConfigurations = (
				F96BBAD71A1FC1BF005EC9A4 /* Debug */,
				F96BBAD81A1FC1BF005EC9A4 /* Release */,
			);
			defaultConfigurationIsVisible = 0;
		};
		F96BBAD91A1FC1BF005EC9A4 /* Build configuration list for PBXNativeTarget "Learning PhoneticsTests" */ = {
			isa = XCConfigurationList;
			buildConfigurations = (
				F96BBADA1A1FC1BF005EC9A4 /* Debug */,
				F96BBADB1A1FC1BF005EC9A4 /* Release */,
			);
			defaultConfigurationIsVisible = 0;
		};
/* End XCConfigurationList section */
	};
	rootObject = F96BBAAF1A1FC1BA005EC9A4 /* Project object */;
}
